
Microsoft Visual Studio Solution File, Format Version 12.00
# Visual Studio Version 17
VisualStudioVersion = 17.0.31903.59
MinimumVisualStudioVersion = 10.0.40219.1
Project("{FAE04EC0-301F-11D3-BF4B-00C04F79EFBC}") = "MassTransit.Core", "MassTransit.Core\MassTransit.Core.csproj", "{DDD2B268-E929-4967-B78E-C75EFCEFF4F0}"
EndProject
Project("{FAE04EC0-301F-11D3-BF4B-00C04F79EFBC}") = "MassTransit.WebApi", "MassTransit.WebApi\MassTransit.WebApi.csproj", "{ADF644B7-4704-4CAC-AE5D-B9798CDE59D1}"
EndProject
Project("{FAE04EC0-301F-11D3-BF4B-00C04F79EFBC}") = "MassTransit.ConsoleConsumer", "MassTransit.ConsoleConsumer\MassTransit.ConsoleConsumer.csproj", "{ABF48BBC-2322-4B76-8436-83155767322B}"
EndProject
Global
	GlobalSection(SolutionConfigurationPlatforms) = preSolution
		Debug|Any CPU = Debug|Any CPU
		Debug|x64 = Debug|x64
		Debug|x86 = Debug|x86
		Release|Any CPU = Release|Any CPU
		Release|x64 = Release|x64
		Release|x86 = Release|x86
	EndGlobalSection
	GlobalSection(ProjectConfigurationPlatforms) = postSolution
		{DDD2B268-E929-4967-B78E-C75EFCEFF4F0}.Debug|Any CPU.ActiveCfg = Debug|Any CPU
		{DDD2B268-E929-4967-B78E-C75EFCEFF4F0}.Debug|Any CPU.Build.0 = Debug|Any CPU
		{DDD2B268-E929-4967-B78E-C75EFCEFF4F0}.Debug|x64.ActiveCfg = Debug|Any CPU
		{DDD2B268-E929-4967-B78E-C75EFCEFF4F0}.Debug|x64.Build.0 = Debug|Any CPU
		{DDD2B268-E929-4967-B78E-C75EFCEFF4F0}.Debug|x86.ActiveCfg = Debug|Any CPU
		{DDD2B268-E929-4967-B78E-C75EFCEFF4F0}.Debug|x86.Build.0 = Debug|Any CPU
		{DDD2B268-E929-4967-B78E-C75EFCEFF4F0}.Release|Any CPU.ActiveCfg = Release|Any CPU
		{DDD2B268-E929-4967-B78E-C75EFCEFF4F0}.Release|Any CPU.Build.0 = Release|Any CPU
		{DDD2B268-E929-4967-B78E-C75EFCEFF4F0}.Release|x64.ActiveCfg = Release|Any CPU
		{DDD2B268-E929-4967-B78E-C75EFCEFF4F0}.Release|x64.Build.0 = Release|Any CPU
		{DDD2B268-E929-4967-B78E-C75EFCEFF4F0}.Release|x86.ActiveCfg = Release|Any CPU
		{DDD2B268-E929-4967-B78E-C75EFCEFF4F0}.Release|x86.Build.0 = Release|Any CPU
		{ADF644B7-4704-4CAC-AE5D-B9798CDE59D1}.Debug|Any CPU.ActiveCfg = Debug|Any CPU
		{ADF644B7-4704-4CAC-AE5D-B9798CDE59D1}.Debug|Any CPU.Build.0 = Debug|Any CPU
		{ADF644B7-4704-4CAC-AE5D-B9798CDE59D1}.Debug|x64.ActiveCfg = Debug|Any CPU
		{ADF644B7-4704-4CAC-AE5D-B9798CDE59D1}.Debug|x64.Build.0 = Debug|Any CPU
		{ADF644B7-4704-4CAC-AE5D-B9798CDE59D1}.Debug|x86.ActiveCfg = Debug|Any CPU
		{ADF644B7-4704-4CAC-AE5D-B9798CDE59D1}.Debug|x86.Build.0 = Debug|Any CPU
		{ADF644B7-4704-4CAC-AE5D-B9798CDE59D1}.Release|Any CPU.ActiveCfg = Release|Any CPU
		{ADF644B7-4704-4CAC-AE5D-B9798CDE59D1}.Release|Any CPU.Build.0 = Release|Any CPU
		{ADF644B7-4704-4CAC-AE5D-B9798CDE59D1}.Release|x64.ActiveCfg = Release|Any CPU
		{ADF644B7-4704-4CAC-AE5D-B9798CDE59D1}.Release|x64.Build.0 = Release|Any CPU
		{ADF644B7-4704-4CAC-AE5D-B9798CDE59D1}.Release|x86.ActiveCfg = Release|Any CPU
		{ADF644B7-4704-4CAC-AE5D-B9798CDE59D1}.Release|x86.Build.0 = Release|Any CPU
		{ABF48BBC-2322-4B76-8436-83155767322B}.Debug|Any CPU.ActiveCfg = Debug|Any CPU
		{ABF48BBC-2322-4B76-8436-83155767322B}.Debug|Any CPU.Build.0 = Debug|Any CPU
		{ABF48BBC-2322-4B76-8436-83155767322B}.Debug|x64.ActiveCfg = Debug|Any CPU
		{ABF48BBC-2322-4B76-8436-83155767322B}.Debug|x64.Build.0 = Debug|Any CPU
		{ABF48BBC-2322-4B76-8436-83155767322B}.Debug|x86.ActiveCfg = Debug|Any CPU
		{ABF48BBC-2322-4B76-8436-83155767322B}.Debug|x86.Build.0 = Debug|Any CPU
		{ABF48BBC-2322-4B76-8436-83155767322B}.Release|Any CPU.ActiveCfg = Release|Any CPU
		{ABF48BBC-2322-4B76-8436-83155767322B}.Release|Any CPU.Build.0 = Release|Any CPU
		{ABF48BBC-2322-4B76-8436-83155767322B}.Release|x64.ActiveCfg = Release|Any CPU
		{ABF48BBC-2322-4B76-8436-83155767322B}.Release|x64.Build.0 = Release|Any CPU
		{ABF48BBC-2322-4B76-8436-83155767322B}.Release|x86.ActiveCfg = Release|Any CPU
		{ABF48BBC-2322-4B76-8436-83155767322B}.Release|x86.Build.0 = Release|Any CPU
	EndGlobalSection
	GlobalSection(SolutionProperties) = preSolution
		HideSolutionNode = FALSE
	EndGlobalSection
EndGlobal
